
Microsoft Visual Studio Solution File, Format Version 12.00
Project("{FAE04EC0-301F-11D3-BF4B-00C04F79EFBC}") = "AHpx.ModuleLauncher", "AHpx.ModuleLauncher.csproj", "{92D25AA8-BA42-4239-828B-3BF0CAA0253E}"
EndProject
Project("{FAE04EC0-301F-11D3-BF4B-00C04F79EFBC}") = "Test", "Test\Test.csproj", "{78DBA3F0-4550-43B3-B907-8E6D56D833C9}"
EndProject
Global
	GlobalSection(SolutionConfigurationPlatforms) = preSolution
		Debug|Any CPU = Debug|Any CPU
		Release|Any CPU = Release|Any CPU
	EndGlobalSection
	GlobalSection(ProjectConfigurationPlatforms) = postSolution
		{92D25AA8-BA42-4239-828B-3BF0CAA0253E}.Debug|Any CPU.ActiveCfg = Debug|Any CPU
		{92D25AA8-BA42-4239-828B-3BF0CAA0253E}.Debug|Any CPU.Build.0 = Debug|Any CPU
		{92D25AA8-BA42-4239-828B-3BF0CAA0253E}.Release|Any CPU.ActiveCfg = Release|Any CPU
		{92D25AA8-BA42-4239-828B-3BF0CAA0253E}.Release|Any CPU.Build.0 = Release|Any CPU
		{78DBA3F0-4550-43B3-B907-8E6D56D833C9}.Debug|Any CPU.ActiveCfg = Debug|Any CPU
		{78DBA3F0-4550-43B3-B907-8E6D56D833C9}.Debug|Any CPU.Build.0 = Debug|Any CPU
		{78DBA3F0-4550-43B3-B907-8E6D56D833C9}.Release|Any CPU.ActiveCfg = Release|Any CPU
		{78DBA3F0-4550-43B3-B907-8E6D56D833C9}.Release|Any CPU.Build.0 = Release|Any CPU
	EndGlobalSection
EndGlobal
