
Microsoft Visual Studio Solution File, Format Version 12.00
# Visual Studio Version 16
VisualStudioVersion = 16.0.31402.337
MinimumVisualStudioVersion = 10.0.40219.1
Project("{9A19103F-16F7-4668-BE54-9A1E7A4F7556}") = "ModuleLauncher.Re", "ModuleLauncher.Re\ModuleLauncher.Re.csproj", "{4240B6F4-20EC-426A-A28F-8F1CBE3F962F}"
EndProject
Project("{9A19103F-16F7-4668-BE54-9A1E7A4F7556}") = "ModuleLauncher.Test", "ModuleLauncher.Test\ModuleLauncher.Test.csproj", "{31309047-E1D6-4FE3-BB25-C12F7C4A000D}"
EndProject
Project("{FAE04EC0-301F-11D3-BF4B-00C04F79EFBC}") = "ModuleLauncher.Example", "ModuleLauncher.Example\ModuleLauncher.Example.csproj", "{685D6EFD-7DCA-4B5C-A916-8A2B5A50659A}"
EndProject
Global
	GlobalSection(SolutionConfigurationPlatforms) = preSolution
		Debug|Any CPU = Debug|Any CPU
		Release|Any CPU = Release|Any CPU
	EndGlobalSection
	GlobalSection(ProjectConfigurationPlatforms) = postSolution
		{4240B6F4-20EC-426A-A28F-8F1CBE3F962F}.Debug|Any CPU.ActiveCfg = Debug|Any CPU
		{4240B6F4-20EC-426A-A28F-8F1CBE3F962F}.Debug|Any CPU.Build.0 = Debug|Any CPU
		{4240B6F4-20EC-426A-A28F-8F1CBE3F962F}.Release|Any CPU.ActiveCfg = Release|Any CPU
		{4240B6F4-20EC-426A-A28F-8F1CBE3F962F}.Release|Any CPU.Build.0 = Release|Any CPU
		{31309047-E1D6-4FE3-BB25-C12F7C4A000D}.Debug|Any CPU.ActiveCfg = Debug|Any CPU
		{31309047-E1D6-4FE3-BB25-C12F7C4A000D}.Debug|Any CPU.Build.0 = Debug|Any CPU
		{31309047-E1D6-4FE3-BB25-C12F7C4A000D}.Release|Any CPU.ActiveCfg = Release|Any CPU
		{31309047-E1D6-4FE3-BB25-C12F7C4A000D}.Release|Any CPU.Build.0 = Release|Any CPU
		{685D6EFD-7DCA-4B5C-A916-8A2B5A50659A}.Debug|Any CPU.ActiveCfg = Debug|Any CPU
		{685D6EFD-7DCA-4B5C-A916-8A2B5A50659A}.Debug|Any CPU.Build.0 = Debug|Any CPU
		{685D6EFD-7DCA-4B5C-A916-8A2B5A50659A}.Release|Any CPU.ActiveCfg = Release|Any CPU
		{685D6EFD-7DCA-4B5C-A916-8A2B5A50659A}.Release|Any CPU.Build.0 = Release|Any CPU
	EndGlobalSection
	GlobalSection(SolutionProperties) = preSolution
		HideSolutionNode = FALSE
	EndGlobalSection
	GlobalSection(ExtensibilityGlobals) = postSolution
		SolutionGuid = {76756A79-A5A9-451E-80FC-55C6D824C941}
	EndGlobalSection
EndGlobal
