
Microsoft Visual Studio Solution File, Format Version 12.00
Project("{FAE04EC0-301F-11D3-BF4B-00C04F79EFBC}") = "ModuleLauncher.Re", "ModuleLauncher.Re\ModuleLauncher.Re.csproj", "{4240B6F4-20EC-426A-A28F-8F1CBE3F962F}"
EndProject
Global
	GlobalSection(SolutionConfigurationPlatforms) = preSolution
		Debug|Any CPU = Debug|Any CPU
		Release|Any CPU = Release|Any CPU
	EndGlobalSection
	GlobalSection(ProjectConfigurationPlatforms) = postSolution
		{4240B6F4-20EC-426A-A28F-8F1CBE3F962F}.Debug|Any CPU.ActiveCfg = Debug|Any CPU
		{4240B6F4-20EC-426A-A28F-8F1CBE3F962F}.Debug|Any CPU.Build.0 = Debug|Any CPU
		{4240B6F4-20EC-426A-A28F-8F1CBE3F962F}.Release|Any CPU.ActiveCfg = Release|Any CPU
		{4240B6F4-20EC-426A-A28F-8F1CBE3F962F}.Release|Any CPU.Build.0 = Release|Any CPU
	EndGlobalSection
EndGlobal
